
Microsoft Visual Studio Solution File, Format Version 12.00
# Visual Studio Version 17
VisualStudioVersion = 17.9.34728.123
MinimumVisualStudioVersion = 10.0.40219.1
Project("{FAE04EC0-301F-11D3-BF4B-00C04F79EFBC}") = "NewTestHashavimWeb", "NewTestHashavim\NewTestHashavimWeb.csproj", "{3FB82AE1-D218-491A-B32B-82EA3E97FE7E}"
EndProject
Project("{FAE04EC0-301F-11D3-BF4B-00C04F79EFBC}") = "HashavimCore", "HashavimCore\HashavimCore.csproj", "{D46D1FE5-C1A5-49BE-88A5-43E475C22905}"
EndProject
Global
	GlobalSection(SolutionConfigurationPlatforms) = preSolution
		Debug|Any CPU = Debug|Any CPU
		Release|Any CPU = Release|Any CPU
	EndGlobalSection
	GlobalSection(ProjectConfigurationPlatforms) = postSolution
		{3FB82AE1-D218-491A-B32B-82EA3E97FE7E}.Debug|Any CPU.ActiveCfg = Debug|Any CPU
		{3FB82AE1-D218-491A-B32B-82EA3E97FE7E}.Debug|Any CPU.Build.0 = Debug|Any CPU
		{3FB82AE1-D218-491A-B32B-82EA3E97FE7E}.Release|Any CPU.ActiveCfg = Release|Any CPU
		{3FB82AE1-D218-491A-B32B-82EA3E97FE7E}.Release|Any CPU.Build.0 = Release|Any CPU
		{D46D1FE5-C1A5-49BE-88A5-43E475C22905}.Debug|Any CPU.ActiveCfg = Debug|Any CPU
		{D46D1FE5-C1A5-49BE-88A5-43E475C22905}.Debug|Any CPU.Build.0 = Debug|Any CPU
		{D46D1FE5-C1A5-49BE-88A5-43E475C22905}.Release|Any CPU.ActiveCfg = Release|Any CPU
		{D46D1FE5-C1A5-49BE-88A5-43E475C22905}.Release|Any CPU.Build.0 = Release|Any CPU
	EndGlobalSection
	GlobalSection(SolutionProperties) = preSolution
		HideSolutionNode = FALSE
	EndGlobalSection
	GlobalSection(ExtensibilityGlobals) = postSolution
		SolutionGuid = {6D687E1D-3DAC-4825-9607-FE2270532290}
	EndGlobalSection
EndGlobal
